
Microsoft Visual Studio Solution File, Format Version 12.00
# Visual Studio Version 17
VisualStudioVersion = 17.0.32126.317
MinimumVisualStudioVersion = 10.0.40219.1
Project("{FAE04EC0-301F-11D3-BF4B-00C04F79EFBC}") = "CAPALOGICA", "CAPALOGICA\CAPALOGICA.csproj", "{1096A054-C224-4730-BE79-1162F17C0111}"
EndProject
Project("{FAE04EC0-301F-11D3-BF4B-00C04F79EFBC}") = "PRESENTACION", "PRESENTACION\PRESENTACION.csproj", "{7E3F0875-B6AD-4EBA-8205-DA7BCBEED5A5}"
EndProject
Project("{FAE04EC0-301F-11D3-BF4B-00C04F79EFBC}") = "CAPADATOS", "CAPADATOS\CAPADATOS.csproj", "{9013E625-7EA9-4D6F-B56A-DA836064AD14}"
EndProject
Global
	GlobalSection(SolutionConfigurationPlatforms) = preSolution
		Debug|Any CPU = Debug|Any CPU
		Release|Any CPU = Release|Any CPU
	EndGlobalSection
	GlobalSection(ProjectConfigurationPlatforms) = postSolution
		{1096A054-C224-4730-BE79-1162F17C0111}.Debug|Any CPU.ActiveCfg = Debug|Any CPU
		{1096A054-C224-4730-BE79-1162F17C0111}.Debug|Any CPU.Build.0 = Debug|Any CPU
		{1096A054-C224-4730-BE79-1162F17C0111}.Release|Any CPU.ActiveCfg = Release|Any CPU
		{1096A054-C224-4730-BE79-1162F17C0111}.Release|Any CPU.Build.0 = Release|Any CPU
		{7E3F0875-B6AD-4EBA-8205-DA7BCBEED5A5}.Debug|Any CPU.ActiveCfg = Debug|Any CPU
		{7E3F0875-B6AD-4EBA-8205-DA7BCBEED5A5}.Debug|Any CPU.Build.0 = Debug|Any CPU
		{7E3F0875-B6AD-4EBA-8205-DA7BCBEED5A5}.Release|Any CPU.ActiveCfg = Release|Any CPU
		{7E3F0875-B6AD-4EBA-8205-DA7BCBEED5A5}.Release|Any CPU.Build.0 = Release|Any CPU
		{9013E625-7EA9-4D6F-B56A-DA836064AD14}.Debug|Any CPU.ActiveCfg = Debug|Any CPU
		{9013E625-7EA9-4D6F-B56A-DA836064AD14}.Debug|Any CPU.Build.0 = Debug|Any CPU
		{9013E625-7EA9-4D6F-B56A-DA836064AD14}.Release|Any CPU.ActiveCfg = Release|Any CPU
		{9013E625-7EA9-4D6F-B56A-DA836064AD14}.Release|Any CPU.Build.0 = Release|Any CPU
	EndGlobalSection
	GlobalSection(SolutionProperties) = preSolution
		HideSolutionNode = FALSE
	EndGlobalSection
	GlobalSection(ExtensibilityGlobals) = postSolution
		SolutionGuid = {49F1BFBA-7FC9-487E-8549-E19DC4B47C56}
	EndGlobalSection
EndGlobal
